{
  "requires": true,
  "lockfileVersion": 1,
  "dependencies": {
    "@types/youtube": {
      "version": "0.0.32",
      "resolved": "https://registry.npmjs.org/@types/youtube/-/youtube-0.0.32.tgz",
      "integrity": "sha512-fNknzXya97rrOnv9ulBdDefMcyViIuwSeFAPw+/ymofer2D6myXO6E3MucmcNAXjHzrlyLnrwwDied0bZqg0jw=="
    },
    "debug": {
      "version": "2.6.9",
      "resolved": "https://registry.npmjs.org/debug/-/debug-2.6.9.tgz",
      "integrity": "sha512-bC7ElrdJaJnPbAP+1EotYvqZsb3ecl5wi6Bfi6BJTUcNowp6cvspg0jXznRTKDjm/E7AdgFBVeAPVMNcKGsHMA==",
      "requires": {
        "ms": "2.0.0"
      }
    },
    "events": {
      "version": "3.0.0",
      "resolved": "https://registry.npmjs.org/events/-/events-3.0.0.tgz",
      "integrity": "sha512-Dc381HFWJzEOhQ+d8pkNon++bk9h6cdAoAj4iE6Q4y6xgTzySWXlKn05/TVNpjnfRqi/X0EpJEJohPjNI3zpVA=="
    },
    "load-script": {
      "version": "1.0.0",
      "resolved": "https://registry.npmjs.org/load-script/-/load-script-1.0.0.tgz",
      "integrity": "sha1-BJGTngvuVkPuSUp+PaPSuscMbKQ="
    },
    "load-script2": {
      "version": "1.0.1",
      "resolved": "https://registry.npmjs.org/load-script2/-/load-script2-1.0.1.tgz",
      "integrity": "sha512-36d/FxKtirfX9ALoQ+GXX4Hub+q3LdwFtgFXsj5Jc4TEfNPckDHN7YKCm0zTTnmcGHzjWlbHvIUb7+CtI7LFhA=="
    },
    "ms": {
      "version": "2.0.0",
      "resolved": "https://registry.npmjs.org/ms/-/ms-2.0.0.tgz",
      "integrity": "sha1-VgiurfwAvmwpAd9fmGF4jeDVl8g="
    },
    "ngx-youtube-player": {
      "version": "6.0.0",
      "resolved": "https://registry.npmjs.org/ngx-youtube-player/-/ngx-youtube-player-6.0.0.tgz",
      "integrity": "sha512-dZdssDfq5THK8dsFVvx68LVbkjJMlYaXLrN4vp5/hw5CLWB5F9WtQ9rpiV16Hei4Tv5A8PryCmMWMznn1u/HRQ==",
      "requires": {
        "@types/youtube": "0.0.32",
        "tslib": "^1.7.1"
      }
    },
    "sister": {
      "version": "3.0.1",
      "resolved": "https://registry.npmjs.org/sister/-/sister-3.0.1.tgz",
      "integrity": "sha512-aG41gNRHRRxPq52MpX4vtm9tapnr6ENmHUx8LMAJWCOplEMwXzh/dp5WIo52Wl8Zlc/VUyHLJ2snX0ck+Nma9g=="
    },
    "tslib": {
      "version": "1.9.3",
      "resolved": "https://registry.npmjs.org/tslib/-/tslib-1.9.3.tgz",
      "integrity": "sha512-4krF8scpejhaOgqzBEcGM7yDIEfi0/8+8zDRZhNZZ2kjmHJ4hv3zCbQWxoJGz1iw5U0Jl0nma13xzHXcncMavQ=="
    },
    "youtube-player": {
      "version": "5.5.1",
      "resolved": "https://registry.npmjs.org/youtube-player/-/youtube-player-5.5.1.tgz",
      "integrity": "sha512-1d62W9She0B1uKNyY6K7jtWFbOW3dYsm6hyKzrh11BLOuYFzkt8K6AcQ3QdPF3aU47dzhZ82clzOJVVWus4HTw==",
      "requires": {
        "debug": "^2.6.6",
        "load-script": "^1.0.0",
        "sister": "^3.0.0"
      }
    },
    "yt-player": {
      "version": "3.1.0",
      "resolved": "https://registry.npmjs.org/yt-player/-/yt-player-3.1.0.tgz",
      "integrity": "sha512-QwMXRCUcmI87ihMsq3rhnsPJIzHbo5UQ9nUQ549ghSF+hIwMtau2SuxFQ1lQqXYdcpeztsocIsMzowYiO179dg==",
      "requires": {
        "load-script2": "^1.0.0"
      }
    }
  }
}
